<?xml version="1.0" encoding="utf-8"?>
<Project ToolsVersion="4.0" xmlns="http://schemas.microsoft.com/developer/msbuild/2003">
  <ItemGroup>
    <Filter Include="Source Files">
      <UniqueIdentifier>{4FC737F1-C7A5-4376-A066-2A32D752A2FF}</UniqueIdentifier>
      <Extensions>cpp;c;cc;cxx;def;odl;idl;hpj;bat;asm;asmx</Extensions>
    </Filter>
    <Filter Include="Header Files">
      <UniqueIdentifier>{93995380-89BD-4b04-88EB-625FBE52EBFB}</UniqueIdentifier>
      <Extensions>h;hh;hpp;hxx;hm;inl;inc;ipp;xsd</Extensions>
    </Filter>
    <Filter Include="Resource Files">
      <UniqueIdentifier>{67DA6AB6-F800-4c08-8B7A-83BB121AAD01}</UniqueIdentifier>
      <Extensions>rc;ico;cur;bmp;dlg;rc2;rct;bin;rgs;gif;jpg;jpeg;jpe;resx;tiff;tif;png;wav;mfcribbon-ms</Extensions>
    </Filter>
  </ItemGroup>
  <ItemGroup>
    <None Include="image_content_diag.cd" />
    <None Include="file_diag.cd" />
    <None Include="main_diag.cd" />
    <None Include="ClassDiagram.cd" />
  </ItemGroup>
  <ItemGroup>
    <ClInclude Include="arguments\arguments.h">
      <Filter>Header Files</Filter>
    </ClInclude>
    <ClInclude Include="arguments\reflection_arguments.h">
      <Filter>Header Files</Filter>
    </ClInclude>
    <ClInclude Include="arguments\rotation_arguments.h">
      <Filter>Header Files</Filter>
    </ClInclude>
    <ClInclude Include="arguments\scale_arguments.h">
      <Filter>Header Files</Filter>
    </ClInclude>
    <ClInclude Include="conversions\converter.h">
      <Filter>Header Files</Filter>
    </ClInclude>
    <ClInclude Include="conversions\reflection.h">
      <Filter>Header Files</Filter>
    </ClInclude>
    <ClInclude Include="conversions\rescaler.h">
      <Filter>Header Files</Filter>
    </ClInclude>
    <ClInclude Include="conversions\rotation.h">
      <Filter>Header Files</Filter>
    </ClInclude>
    <ClInclude Include="image_content\bpp1.h">
      <Filter>Header Files</Filter>
    </ClInclude>
    <ClInclude Include="image_content\bpp16.h">
      <Filter>Header Files</Filter>
    </ClInclude>
    <ClInclude Include="image_content\bpp24.h">
      <Filter>Header Files</Filter>
    </ClInclude>
    <ClInclude Include="image_content\image_content.h">
      <Filter>Header Files</Filter>
    </ClInclude>
    <ClInclude Include="image_file_types\bmp_file.h">
      <Filter>Header Files</Filter>
    </ClInclude>
    <ClInclude Include="image_file_types\file.h">
      <Filter>Header Files</Filter>
    </ClInclude>
    <ClInclude Include="image_file_types\header_file.h">
      <Filter>Header Files</Filter>
    </ClInclude>
    <ClInclude Include="parameters\display_parameter.h">
      <Filter>Header Files</Filter>
    </ClInclude>
    <ClInclude Include="parameters\parameter.h">
      <Filter>Header Files</Filter>
    </ClInclude>
    <ClInclude Include="user_interface\user_interface.h">
      <Filter>Header Files</Filter>
    </ClInclude>
    <ClInclude Include="conversions\brightness.h">
      <Filter>Header Files</Filter>
    </ClInclude>
    <ClInclude Include="conversions\color_intensity.h">
      <Filter>Header Files</Filter>
    </ClInclude>
    <ClInclude Include="conversions\contrast.h">
      <Filter>Header Files</Filter>
    </ClInclude>
    <ClInclude Include="conversions\negative.h">
      <Filter>Header Files</Filter>
    </ClInclude>
    <ClInclude Include="arguments\contrast_arguments.h">
      <Filter>Header Files</Filter>
    </ClInclude>
    <ClInclude Include="arguments\brightness_arguments.h">
      <Filter>Header Files</Filter>
    </ClInclude>
    <ClInclude Include="arguments\color_intesity_arguments.h">
      <Filter>Header Files</Filter>
    </ClInclude>
    <ClInclude Include="image.h">
      <Filter>Header Files</Filter>
    </ClInclude>
  </ItemGroup>
  <ItemGroup>
    <ClCompile Include="user_interface\user_interface.cpp">
      <Filter>Source Files</Filter>
    </ClCompile>
    <ClCompile Include="image.cpp">
      <Filter>Source Files</Filter>
    </ClCompile>
    <ClCompile Include="main.cpp">
      <Filter>Source Files</Filter>
    </ClCompile>
    <ClCompile Include="utils.cpp">
      <Filter>Source Files</Filter>
    </ClCompile>
    <ClCompile Include="parameters\display_parameter.cpp">
      <Filter>Source Files</Filter>
    </ClCompile>
    <ClCompile Include="parameters\parameter.cpp">
      <Filter>Source Files</Filter>
    </ClCompile>
    <ClCompile Include="image_file_types\bmp_file.cpp">
      <Filter>Source Files</Filter>
    </ClCompile>
    <ClCompile Include="image_file_types\file.cpp">
      <Filter>Source Files</Filter>
    </ClCompile>
    <ClCompile Include="image_file_types\header_file.cpp">
      <Filter>Source Files</Filter>
    </ClCompile>
    <ClCompile Include="image_content\bpp1.cpp">
      <Filter>Source Files</Filter>
    </ClCompile>
    <ClCompile Include="image_content\bpp16.cpp">
      <Filter>Source Files</Filter>
    </ClCompile>
    <ClCompile Include="image_content\bpp24.cpp">
      <Filter>Source Files</Filter>
    </ClCompile>
    <ClCompile Include="conversions\converter.cpp">
      <Filter>Source Files</Filter>
    </ClCompile>
    <ClCompile Include="conversions\reflection.cpp">
      <Filter>Source Files</Filter>
    </ClCompile>
    <ClCompile Include="conversions\rescaler.cpp">
      <Filter>Source Files</Filter>
    </ClCompile>
    <ClCompile Include="conversions\rotation.cpp">
      <Filter>Source Files</Filter>
    </ClCompile>
    <ClCompile Include="arguments\arguments.cpp">
      <Filter>Source Files</Filter>
    </ClCompile>
    <ClCompile Include="arguments\reflection_arguments.cpp">
      <Filter>Source Files</Filter>
    </ClCompile>
    <ClCompile Include="arguments\rotation_arguments.cpp">
      <Filter>Source Files</Filter>
    </ClCompile>
    <ClCompile Include="arguments\scale_arguments.cpp">
      <Filter>Source Files</Filter>
    </ClCompile>
    <ClCompile Include="image_content\image_content.cpp">
      <Filter>Source Files</Filter>
    </ClCompile>
    <ClCompile Include="conversions\brightness.cpp">
      <Filter>Source Files</Filter>
    </ClCompile>
    <ClCompile Include="conversions\color_intensity.cpp">
      <Filter>Source Files</Filter>
    </ClCompile>
    <ClCompile Include="conversions\contrast.cpp">
      <Filter>Source Files</Filter>
    </ClCompile>
    <ClCompile Include="conversions\negative.cpp">
      <Filter>Source Files</Filter>
    </ClCompile>
    <ClCompile Include="arguments\contrast_arguments.cpp">
      <Filter>Source Files</Filter>
    </ClCompile>
    <ClCompile Include="arguments\brightness_arguments.cpp">
      <Filter>Source Files</Filter>
    </ClCompile>
    <ClCompile Include="arguments\color_intensity_arguments.cpp">
      <Filter>Source Files</Filter>
    </ClCompile>
  </ItemGroup>
</Project>