<?xml version="1.0" encoding="utf-8"?>
<Project ToolsVersion="4.0" xmlns="http://schemas.microsoft.com/developer/msbuild/2003">
  <ItemGroup>
    <Filter Include="Source Files">
      <UniqueIdentifier>{4FC737F1-C7A5-4376-A066-2A32D752A2FF}</UniqueIdentifier>
      <Extensions>cpp;c;cc;cxx;def;odl;idl;hpj;bat;asm;asmx</Extensions>
    </Filter>
    <Filter Include="Header Files">
      <UniqueIdentifier>{93995380-89BD-4b04-88EB-625FBE52EBFB}</UniqueIdentifier>
      <Extensions>h;hh;hpp;hxx;hm;inl;inc;ipp;xsd</Extensions>
    </Filter>
    <Filter Include="Resource Files">
      <UniqueIdentifier>{67DA6AB6-F800-4c08-8B7A-83BB121AAD01}</UniqueIdentifier>
      <Extensions>rc;ico;cur;bmp;dlg;rc2;rct;bin;rgs;gif;jpg;jpeg;jpe;resx;tiff;tif;png;wav;mfcribbon-ms</Extensions>
    </Filter>
    <Filter Include="Header Files\ImageContent">
      <UniqueIdentifier>{75447c09-5bd7-4425-ae93-2185488d9da8}</UniqueIdentifier>
    </Filter>
    <Filter Include="Source Files\ImageContent">
      <UniqueIdentifier>{5e3105f9-cc5c-445b-8621-1d3eb9c3871c}</UniqueIdentifier>
    </Filter>
  </ItemGroup>
  <ItemGroup>
    <ClCompile Include="image.cpp">
      <Filter>Source Files</Filter>
    </ClCompile>
    <ClCompile Include="main.cpp">
      <Filter>Source Files</Filter>
    </ClCompile>
    <ClCompile Include="user_interface.cpp">
      <Filter>Source Files</Filter>
    </ClCompile>
    <ClCompile Include="rotation.cpp">
      <Filter>Source Files</Filter>
    </ClCompile>
    <ClCompile Include="converter.cpp">
      <Filter>Source Files</Filter>
    </ClCompile>
    <ClCompile Include="utils.cpp">
      <Filter>Source Files</Filter>
    </ClCompile>
    <ClCompile Include="reflection.cpp">
      <Filter>Source Files</Filter>
    </ClCompile>
    <ClCompile Include="image_content.cpp">
      <Filter>Source Files\ImageContent</Filter>
    </ClCompile>
    <ClCompile Include="bpp24.cpp">
      <Filter>Source Files</Filter>
    </ClCompile>
    <ClCompile Include="bpp16.cpp">
      <Filter>Source Files</Filter>
    </ClCompile>
    <ClCompile Include="bpp1.cpp">
      <Filter>Source Files</Filter>
    </ClCompile>
    <ClCompile Include="File.cpp">
      <Filter>Source Files</Filter>
    </ClCompile>
    <ClCompile Include="header_file.cpp">
      <Filter>Source Files</Filter>
    </ClCompile>
    <ClCompile Include="rescaler.cpp">
      <Filter>Source Files</Filter>
    </ClCompile>
  </ItemGroup>
  <ItemGroup>
    <ClInclude Include="image.h">
      <Filter>Header Files</Filter>
    </ClInclude>
    <ClInclude Include="converter.h">
      <Filter>Header Files</Filter>
    </ClInclude>
    <ClInclude Include="utils.h">
      <Filter>Header Files</Filter>
    </ClInclude>
    <ClInclude Include="user_interface.h">
      <Filter>Header Files</Filter>
    </ClInclude>
    <ClInclude Include="rotation.h">
      <Filter>Header Files</Filter>
    </ClInclude>
    <ClInclude Include="reflection.h">
      <Filter>Header Files</Filter>
    </ClInclude>
    <ClInclude Include="arialDig32x24.h">
      <Filter>Header Files</Filter>
    </ClInclude>
    <ClInclude Include="image_content.h">
      <Filter>Header Files\ImageContent</Filter>
    </ClInclude>
    <ClInclude Include="bpp24.h">
      <Filter>Header Files</Filter>
    </ClInclude>
    <ClInclude Include="bpp16.h">
      <Filter>Header Files</Filter>
    </ClInclude>
    <ClInclude Include="bpp1.h">
      <Filter>Header Files</Filter>
    </ClInclude>
    <ClInclude Include="file.h">
      <Filter>Header Files</Filter>
    </ClInclude>
    <ClInclude Include="header_file.h">
      <Filter>Header Files</Filter>
    </ClInclude>
    <ClInclude Include="rescaler.h">
      <Filter>Header Files</Filter>
    </ClInclude>
  </ItemGroup>
  <ItemGroup>
    <None Include="ClassDiagram.cd" />
  </ItemGroup>
</Project>